
Microsoft Visual Studio Solution File, Format Version 12.00
# Visual Studio Version 17
VisualStudioVersion = 17.6.33829.357
MinimumVisualStudioVersion = 10.0.40219.1
Project("{FAE04EC0-301F-11D3-BF4B-00C04F79EFBC}") = "XFrame.Rules.Extensions", "XFrame.Rules.Extensions\XFrame.Rules.Extensions.csproj", "{AFBA1347-9D5F-41AD-BD35-3D58DED3678A}"
EndProject
Global
	GlobalSection(SolutionConfigurationPlatforms) = preSolution
		Debug|Any CPU = Debug|Any CPU
		Release|Any CPU = Release|Any CPU
	EndGlobalSection
	GlobalSection(ProjectConfigurationPlatforms) = postSolution
		{AFBA1347-9D5F-41AD-BD35-3D58DED3678A}.Debug|Any CPU.ActiveCfg = Debug|Any CPU
		{AFBA1347-9D5F-41AD-BD35-3D58DED3678A}.Debug|Any CPU.Build.0 = Debug|Any CPU
		{AFBA1347-9D5F-41AD-BD35-3D58DED3678A}.Release|Any CPU.ActiveCfg = Release|Any CPU
		{AFBA1347-9D5F-41AD-BD35-3D58DED3678A}.Release|Any CPU.Build.0 = Release|Any CPU
	EndGlobalSection
	GlobalSection(SolutionProperties) = preSolution
		HideSolutionNode = FALSE
	EndGlobalSection
	GlobalSection(ExtensibilityGlobals) = postSolution
		SolutionGuid = {AC335AD2-DCA9-45A1-B4AE-112F681F4C6C}
	EndGlobalSection
EndGlobal
